{
  "version": "5",
  "remote": {
    "https://edge.netlify.com/": "fd941d61d88673d5f28aab283fb86fcc50f08a3bc80ee5470498fcfa88c65cfb",
    "https://edge.netlify.com/bootstrap/config.ts": "6a2ce0e544e15e8f8883a5c18da5948e37fd0f2619f68cb31f3af53c51817025",
    "https://edge.netlify.com/bootstrap/context.ts": "e97240232121e2f369f6546ce961490f34d961ea1ea54be3ff09633e3f08373f",
    "https://edge.netlify.com/bootstrap/cookie.ts": "8b0baae708989ca183c6f3b4ab3d029e6abcbc2e43f93edeb0ff447b3bbc3a05",
    "https://edge.netlify.com/bootstrap/edge_function.ts": "b8253e86aa83c67341f5cfedeba5049d77fbf84dcab7eceff7566b7728ae9b39",
    "https://edge.netlify.com/bootstrap/globals/types.ts": "eaa6148ded3121d8dee62dd91c86e7fe76601df0f3ca8d7962243a30f4c8935f"
  },
  "workspace": {
    "packageJson": {
      "dependencies": [
        "npm:@aws-sdk/client-s3@^3.995.0",
        "npm:@neondatabase/serverless@^1.0.2",
        "npm:@radix-ui/react-accordion@^1.2.3",
        "npm:@radix-ui/react-alert-dialog@^1.1.6",
        "npm:@radix-ui/react-aspect-ratio@^1.1.2",
        "npm:@radix-ui/react-avatar@^1.1.3",
        "npm:@radix-ui/react-checkbox@^1.1.4",
        "npm:@radix-ui/react-collapsible@^1.1.3",
        "npm:@radix-ui/react-context-menu@^2.2.6",
        "npm:@radix-ui/react-dialog@^1.1.6",
        "npm:@radix-ui/react-dropdown-menu@^2.1.6",
        "npm:@radix-ui/react-hover-card@^1.1.6",
        "npm:@radix-ui/react-label@^2.1.2",
        "npm:@radix-ui/react-menubar@^1.1.6",
        "npm:@radix-ui/react-navigation-menu@^1.2.5",
        "npm:@radix-ui/react-popover@^1.1.6",
        "npm:@radix-ui/react-progress@^1.1.2",
        "npm:@radix-ui/react-radio-group@^1.2.3",
        "npm:@radix-ui/react-scroll-area@^1.2.3",
        "npm:@radix-ui/react-select@^2.1.6",
        "npm:@radix-ui/react-separator@^1.1.2",
        "npm:@radix-ui/react-slider@^1.2.3",
        "npm:@radix-ui/react-slot@^1.1.2",
        "npm:@radix-ui/react-switch@^1.1.3",
        "npm:@radix-ui/react-tabs@^1.1.3",
        "npm:@radix-ui/react-toggle-group@^1.1.2",
        "npm:@radix-ui/react-toggle@^1.1.2",
        "npm:@radix-ui/react-tooltip@^1.1.8",
        "npm:@sentry/browser@^10.16.0",
        "npm:@sentry/node@^10.39.0",
        "npm:@stripe/react-stripe-js@^4.0.2",
        "npm:@stripe/stripe-js@^7.9.0",
        "npm:@tanstack/react-query-devtools@^5.91.3",
        "npm:@tanstack/react-query@^5.90.20",
        "npm:@testing-library/jest-dom@^6.9.1",
        "npm:@testing-library/react@^16.3.1",
        "npm:@testing-library/user-event@^14.6.1",
        "npm:@vitejs/plugin-react@^5.0.4",
        "npm:@vitest/ui@^4.0.16",
        "npm:acorn-jsx@^5.3.2",
        "npm:acorn@^8.15.0",
        "npm:ajv@^8.18.0",
        "npm:ansi-regex@^6.2.2",
        "npm:ansi-styles@^4.3.0",
        "npm:any-promise@^1.3.0",
        "npm:anymatch@^3.1.3",
        "npm:arg@^5.0.2",
        "npm:argparse@^2.0.1",
        "npm:aria-hidden@^1.2.6",
        "npm:array-buffer-byte-length@^1.0.2",
        "npm:array-includes@^3.1.9",
        "npm:array.prototype.findlast@^1.2.5",
        "npm:array.prototype.flat@^1.3.3",
        "npm:array.prototype.flatmap@^1.3.3",
        "npm:array.prototype.tosorted@^1.1.4",
        "npm:arraybuffer.prototype.slice@^1.0.4",
        "npm:async-function@1",
        "npm:async@^3.2.6",
        "npm:autoprefixer@^10.4.21",
        "npm:available-typed-arrays@^1.0.7",
        "npm:balanced-match@^1.0.2",
        "npm:baseline-browser-mapping@^2.8.6",
        "npm:binary-extensions@^2.3.0",
        "npm:brace-expansion@^1.1.13",
        "npm:braces@^3.0.3",
        "npm:browserslist@^4.26.2",
        "npm:busboy@^1.6.0",
        "npm:call-bind-apply-helpers@^1.0.2",
        "npm:call-bind@^1.0.8",
        "npm:call-bound@^1.0.4",
        "npm:callsites@^3.1.0",
        "npm:camelcase-css@^2.0.1",
        "npm:caniuse-lite@^1.0.30001743",
        "npm:chalk@^5.6.2",
        "npm:chardet@^2.1.0",
        "npm:chokidar@^3.6.0",
        "npm:class-variance-authority@~0.7.1",
        "npm:cli-width@^4.1.0",
        "npm:cliui@^8.0.1",
        "npm:clsx@^2.1.1",
        "npm:cmdk@^1.1.1",
        "npm:color-convert@^2.0.1",
        "npm:color-name@^1.1.4",
        "npm:commander@^4.1.1",
        "npm:concat-map@^0.0.1",
        "npm:concurrently@^9.2.1",
        "npm:convert-source-map@2",
        "npm:cookie@^1.0.2",
        "npm:cors@^2.8.5",
        "npm:cross-spawn@^7.0.6",
        "npm:cssesc@3",
        "npm:csstype@^3.1.3",
        "npm:d3-array@^3.2.4",
        "npm:d3-color@^3.1.0",
        "npm:d3-ease@^3.0.1",
        "npm:d3-format@^3.1.0",
        "npm:d3-interpolate@^3.0.1",
        "npm:d3-path@^3.1.0",
        "npm:d3-scale@^4.0.2",
        "npm:d3-shape@^3.2.0",
        "npm:d3-time-format@^4.1.0",
        "npm:d3-time@^3.1.0",
        "npm:d3-timer@^3.0.1",
        "npm:data-view-buffer@^1.0.2",
        "npm:data-view-byte-length@^1.0.2",
        "npm:data-view-byte-offset@^1.0.1",
        "npm:date-fns@^3.6.0",
        "npm:debug@^4.4.3",
        "npm:decimal.js-light@^2.5.1",
        "npm:deep-is@~0.1.4",
        "npm:define-data-property@^1.1.4",
        "npm:define-properties@^1.2.1",
        "npm:detect-node-es@^1.1.0",
        "npm:didyoumean@^1.2.2",
        "npm:diff@^8.0.3",
        "npm:dlv@^1.1.3",
        "npm:doctrine@^2.1.0",
        "npm:dom-helpers@^5.2.1",
        "npm:dotenv@^17.2.3",
        "npm:dunder-proto@^1.0.1",
        "npm:eastasianwidth@0.2",
        "npm:ejs@^3.1.10",
        "npm:electron-to-chromium@^1.5.223",
        "npm:embla-carousel-react@^8.6.0",
        "npm:embla-carousel-reactive-utils@^8.6.0",
        "npm:embla-carousel@^8.6.0",
        "npm:emoji-regex@^9.2.2",
        "npm:es-abstract@^1.24.0",
        "npm:es-define-property@^1.0.1",
        "npm:es-errors@^1.3.0",
        "npm:es-iterator-helpers@^1.2.1",
        "npm:es-object-atoms@^1.1.1",
        "npm:es-set-tostringtag@^2.1.0",
        "npm:es-shim-unscopables@^1.1.0",
        "npm:es-to-primitive@^1.3.0",
        "npm:esbuild@~0.25.10",
        "npm:escalade@^3.2.0",
        "npm:escape-string-regexp@4",
        "npm:eslint-plugin-react-hooks@^5.2.0",
        "npm:eslint-plugin-react-refresh@~0.4.21",
        "npm:eslint-plugin-react@^7.37.5",
        "npm:eslint-scope@^8.4.0",
        "npm:eslint-visitor-keys@^4.2.1",
        "npm:eslint@^9.36.0",
        "npm:espree@^10.4.0",
        "npm:esquery@^1.6.0",
        "npm:esrecurse@^4.3.0",
        "npm:estraverse@^5.3.0",
        "npm:esutils@^2.0.3",
        "npm:eventemitter3@^4.0.7",
        "npm:express@^5.1.0",
        "npm:fast-deep-equal@^3.1.3",
        "npm:fast-equals@^5.3.0",
        "npm:fast-glob@^3.3.3",
        "npm:fast-json-stable-stringify@^2.1.0",
        "npm:fast-levenshtein@^2.0.6",
        "npm:fastq@^1.19.1",
        "npm:fdir@^6.5.0",
        "npm:file-entry-cache@8",
        "npm:filelist@^1.0.4",
        "npm:fill-range@^7.1.1",
        "npm:find-up@5",
        "npm:flat-cache@^4.0.1",
        "npm:flatted@^3.4.1",
        "npm:for-each@~0.3.5",
        "npm:foreground-child@^3.3.1",
        "npm:fraction.js@^4.3.7",
        "npm:framer-motion@^12.23.19",
        "npm:function-bind@^1.1.2",
        "npm:function.prototype.name@^1.1.8",
        "npm:functions-have-names@^1.2.3",
        "npm:gensync@^1.0.0-beta.2",
        "npm:get-caller-file@^2.0.5",
        "npm:get-intrinsic@^1.3.0",
        "npm:get-nonce@^1.0.1",
        "npm:get-proto@^1.0.1",
        "npm:get-symbol-description@^1.1.0",
        "npm:glob-parent@^6.0.2",
        "npm:glob@^10.5.0",
        "npm:globals@^15.15.0",
        "npm:globalthis@^1.0.4",
        "npm:gopd@^1.2.0",
        "npm:has-bigints@^1.1.0",
        "npm:has-flag@4",
        "npm:has-property-descriptors@^1.0.2",
        "npm:has-proto@^1.2.0",
        "npm:has-symbols@^1.1.0",
        "npm:has-tostringtag@^1.0.2",
        "npm:hasown@^2.0.2",
        "npm:iconv-lite@0.7",
        "npm:ignore@^5.3.2",
        "npm:import-fresh@^3.3.1",
        "npm:imurmurhash@~0.1.4",
        "npm:input-otp@^1.4.2",
        "npm:inquirer@^12.9.6",
        "npm:internal-slot@^1.1.0",
        "npm:internmap@^2.0.3",
        "npm:is-array-buffer@^3.0.5",
        "npm:is-async-function@^2.1.1",
        "npm:is-bigint@^1.1.0",
        "npm:is-binary-path@^2.1.0",
        "npm:is-boolean-object@^1.2.2",
        "npm:is-callable@^1.2.7",
        "npm:is-core-module@^2.16.1",
        "npm:is-data-view@^1.0.2",
        "npm:is-date-object@^1.1.0",
        "npm:is-extglob@^2.1.1",
        "npm:is-finalizationregistry@^1.1.1",
        "npm:is-fullwidth-code-point@3",
        "npm:is-generator-function@^1.1.0",
        "npm:is-glob@^4.0.3",
        "npm:is-map@^2.0.3",
        "npm:is-negative-zero@^2.0.3",
        "npm:is-number-object@^1.1.1",
        "npm:is-number@7",
        "npm:is-regex@^1.2.1",
        "npm:is-set@^2.0.3",
        "npm:is-shared-array-buffer@^1.0.4",
        "npm:is-string@^1.1.1",
        "npm:is-symbol@^1.1.1",
        "npm:is-typed-array@^1.1.15",
        "npm:is-weakmap@^2.0.2",
        "npm:is-weakref@^1.1.1",
        "npm:is-weakset@^2.0.4",
        "npm:isarray@^2.0.5",
        "npm:isexe@2",
        "npm:iterator.prototype@^1.1.5",
        "npm:jackspeak@^3.4.3",
        "npm:jake@^10.9.4",
        "npm:jiti@^1.21.7",
        "npm:js-tokens@4",
        "npm:js-yaml@^4.1.1",
        "npm:jsdom@^27.3.0",
        "npm:jsesc@^3.1.0",
        "npm:json-buffer@^3.0.1",
        "npm:json-schema-traverse@~0.4.1",
        "npm:json-stable-stringify-without-jsonify@^1.0.1",
        "npm:json5@^2.2.3",
        "npm:jsx-ast-utils@^3.3.5",
        "npm:keyv@^4.5.4",
        "npm:levn@~0.4.1",
        "npm:lilconfig@^3.1.3",
        "npm:lines-and-columns@^1.2.4",
        "npm:locate-path@6",
        "npm:lodash.merge@^4.6.2",
        "npm:lodash@^4.17.23",
        "npm:loose-envify@^1.4.0",
        "npm:lru-cache@^5.1.1",
        "npm:lucide-react@0.475",
        "npm:math-intrinsics@^1.1.0",
        "npm:merge2@^1.4.1",
        "npm:micromatch@^4.0.8",
        "npm:minimatch@^3.1.2",
        "npm:minipass@^7.1.2",
        "npm:motion-dom@^12.23.19",
        "npm:motion-utils@^12.23.6",
        "npm:ms@^2.1.3",
        "npm:mute-stream@2",
        "npm:mz@^2.7.0",
        "npm:nanoid@^3.3.11",
        "npm:natural-compare@^1.4.0",
        "npm:next-themes@~0.4.6",
        "npm:node-cron@^3.0.3",
        "npm:node-releases@^2.0.21",
        "npm:nodemailer@^8.0.4",
        "npm:normalize-path@3",
        "npm:normalize-range@~0.1.2",
        "npm:object-assign@^4.1.1",
        "npm:object-hash@3",
        "npm:object-inspect@^1.13.4",
        "npm:object-keys@^1.1.1",
        "npm:object.assign@^4.1.7",
        "npm:object.entries@^1.1.9",
        "npm:object.fromentries@^2.0.8",
        "npm:object.values@^1.2.1",
        "npm:optionator@~0.9.4",
        "npm:own-keys@^1.0.1",
        "npm:p-limit@^3.1.0",
        "npm:p-locate@5",
        "npm:package-json-from-dist@^1.0.1",
        "npm:parent-module@^1.0.1",
        "npm:path-exists@4",
        "npm:path-key@^3.1.1",
        "npm:path-parse@^1.0.7",
        "npm:path-scurry@^1.11.1",
        "npm:pg-cloudflare@^1.2.7",
        "npm:pg-connection-string@^2.9.1",
        "npm:pg-int8@^1.0.1",
        "npm:pg-pool@^3.10.1",
        "npm:pg-protocol@^1.10.3",
        "npm:pg-types@^2.2.0",
        "npm:pg@^8.16.3",
        "npm:pgpass@^1.0.5",
        "npm:picocolors@^1.1.1",
        "npm:pify@^2.3.0",
        "npm:pirates@^4.0.7",
        "npm:possible-typed-array-names@^1.1.0",
        "npm:postcss-import@^15.1.0",
        "npm:postcss-js@^4.1.0",
        "npm:postcss-load-config@^4.0.2",
        "npm:postcss-nested@^6.2.0",
        "npm:postcss-selector-parser@^6.1.2",
        "npm:postcss-value-parser@^4.2.0",
        "npm:postcss@^8.5.6",
        "npm:postgres-array@2",
        "npm:postgres-bytea@1",
        "npm:postgres-date@^1.0.7",
        "npm:postgres-interval@^1.2.0",
        "npm:prelude-ls@^1.2.1",
        "npm:process@~0.11.10",
        "npm:prop-types@^15.8.1",
        "npm:punycode@^2.3.1",
        "npm:qs@^6.15.0",
        "npm:queue-microtask@^1.2.3",
        "npm:react-day-picker@^8.10.1",
        "npm:react-dom@^18.3.1",
        "npm:react-hook-form@^7.63.0",
        "npm:react-is@^16.13.1",
        "npm:react-refresh@0.17",
        "npm:react-remove-scroll-bar@^2.3.8",
        "npm:react-remove-scroll@^2.7.1",
        "npm:react-resizable-panels@^2.1.9",
        "npm:react-router-dom@^7.13.0",
        "npm:react-router@^7.13.0",
        "npm:react-smooth@^4.0.4",
        "npm:react-style-singleton@^2.2.3",
        "npm:react-transition-group@^4.4.5",
        "npm:react@^18.3.1",
        "npm:read-cache@1",
        "npm:readdirp@^3.6.0",
        "npm:recharts-scale@~0.4.5",
        "npm:recharts@^2.15.4",
        "npm:reflect.getprototypeof@^1.0.10",
        "npm:regexp.prototype.flags@^1.5.4",
        "npm:require-directory@^2.1.1",
        "npm:resolve-from@4",
        "npm:resolve@^2.0.0-next.5",
        "npm:reusify@^1.1.0",
        "npm:rollup@^4.52.2",
        "npm:run-async@^4.0.6",
        "npm:run-parallel@^1.2.0",
        "npm:rxjs@^7.8.2",
        "npm:safe-array-concat@^1.1.3",
        "npm:safe-push-apply@1",
        "npm:safe-regex-test@^1.1.0",
        "npm:safer-buffer@^2.1.2",
        "npm:scheduler@~0.23.2",
        "npm:semver@^6.3.1",
        "npm:set-cookie-parser@^2.7.1",
        "npm:set-function-length@^1.2.2",
        "npm:set-function-name@^2.0.2",
        "npm:set-proto@1",
        "npm:shebang-command@2",
        "npm:shebang-regex@3",
        "npm:shell-quote@^1.8.3",
        "npm:side-channel-list@1",
        "npm:side-channel-map@^1.0.1",
        "npm:side-channel-weakmap@^1.0.2",
        "npm:side-channel@^1.1.0",
        "npm:signal-exit@^4.1.0",
        "npm:sonner@^2.0.7",
        "npm:source-map-js@^1.2.1",
        "npm:split2@^4.2.0",
        "npm:stop-iteration-iterator@^1.1.0",
        "npm:string-width@^5.1.2",
        "npm:string.prototype.matchall@^4.0.12",
        "npm:string.prototype.repeat@1",
        "npm:string.prototype.trim@^1.2.10",
        "npm:string.prototype.trimend@^1.0.9",
        "npm:string.prototype.trimstart@^1.0.8",
        "npm:strip-ansi@^7.1.2",
        "npm:strip-json-comments@^3.1.1",
        "npm:stripe@^17.7.0",
        "npm:sucrase@^3.35.0",
        "npm:supports-color@^7.2.0",
        "npm:supports-preserve-symlinks-flag@1",
        "npm:tailwind-merge@^3.3.1",
        "npm:tailwindcss-animate@^1.0.7",
        "npm:tailwindcss@^3.4.17",
        "npm:thenify-all@^1.6.0",
        "npm:thenify@^3.3.1",
        "npm:tiny-invariant@^1.3.3",
        "npm:tinyglobby@~0.2.15",
        "npm:to-regex-range@^5.0.1",
        "npm:ts-interface-checker@~0.1.13",
        "npm:tslib@^2.8.1",
        "npm:type-check@0.4",
        "npm:typed-array-buffer@^1.0.3",
        "npm:typed-array-byte-length@^1.0.3",
        "npm:typed-array-byte-offset@^1.0.4",
        "npm:typed-array-length@^1.0.7",
        "npm:unbox-primitive@^1.1.0",
        "npm:undici-types@^6.21.0",
        "npm:update-browserslist-db@^1.1.3",
        "npm:uri-js@^4.4.1",
        "npm:use-callback-ref@^1.3.3",
        "npm:use-sidecar@^1.1.3",
        "npm:use-sync-external-store@^1.5.0",
        "npm:util-deprecate@^1.0.2",
        "npm:uuid@^8.3.2",
        "npm:vaul@^1.1.2",
        "npm:victory-vendor@^36.9.2",
        "npm:vite@^6.4.1",
        "npm:vitest@^4.0.16",
        "npm:which-boxed-primitive@^1.1.1",
        "npm:which-builtin-type@^1.2.1",
        "npm:which-collection@^1.0.2",
        "npm:which-typed-array@^1.1.19",
        "npm:which@^2.0.2",
        "npm:word-wrap@^1.2.5",
        "npm:wrap-ansi@^6.2.0",
        "npm:xtend@^4.0.2",
        "npm:y18n@^5.0.8",
        "npm:yallist@^3.1.1",
        "npm:yaml@^2.8.1",
        "npm:yargs-parser@^21.1.1",
        "npm:yargs@^17.7.2",
        "npm:yocto-queue@0.1",
        "npm:yoctocolors-cjs@^2.1.3",
        "npm:zod@^3.25.76"
      ]
    }
  }
}
